{
  "name": "BlackCoffer_Frontend",
  "lockfileVersion": 3,
  "requires": true,
  "packages": {
    "": {
      "dependencies": {
        "@olton/metroui": "^5.0.13",
        "bootstrap": "^5.3.3"
      }
    },
    "node_modules/@olton/animation": {
      "version": "0.3.0",
      "resolved": "https://registry.npmjs.org/@olton/animation/-/animation-0.3.0.tgz",
      "integrity": "sha512-HHvoPIAn17tQcsTKjlpvPEYKJwFjHNbqjTIyJ8nne5ezqtFjI2NVB5KLiK6wYKpQZu79VDCTNfiRfqf4S9haSA==",
      "funding": [
        {
          "type": "paypal",
          "url": "serhii@pimenov.com.ua"
        },
        {
          "type": "patreon",
          "url": "https://www.patreon.com/metroui"
        },
        {
          "type": "subscription",
          "url": "https://korzh.com/metroui#licensing"
        }
      ],
      "license": "MIT"
    },
    "node_modules/@olton/datetime": {
      "version": "3.2.0",
      "resolved": "https://registry.npmjs.org/@olton/datetime/-/datetime-3.2.0.tgz",
      "integrity": "sha512-tgJth1cJHL2KDW0mUM+UEKYDHOlj6suN9vwjfTvnish9oY5CFARlfdWC/vzJEHJ01dLO4PX3Xk0Mf9QNzGwdIQ==",
      "license": "MIT"
    },
    "node_modules/@olton/farbe": {
      "version": "1.0.4",
      "resolved": "https://registry.npmjs.org/@olton/farbe/-/farbe-1.0.4.tgz",
      "integrity": "sha512-/0mc/BZ2WwHoNC1bifPOgoDY8Zhssz1TNlC0YYS4i4OmpCECHM6s8S93HD+yBIbOV7pV0IT+pzCgvAR/FzpTlw==",
      "funding": [
        {
          "type": "paypal",
          "url": "serhii@pimenov.com.ua"
        },
        {
          "type": "patreon",
          "url": "https://www.patreon.com/metroui"
        },
        {
          "type": "subscription",
          "url": "https://korzh.com/metroui#licensing"
        }
      ],
      "license": "MIT"
    },
    "node_modules/@olton/guardian": {
      "version": "0.5.2",
      "resolved": "https://registry.npmjs.org/@olton/guardian/-/guardian-0.5.2.tgz",
      "integrity": "sha512-DXQm8GGytKjdFKQxzMNUysH++4hl18c4eNJ2NkURaABGea+7f+YDZq08bvseGxx4ZnzG8zVO4EljaVRbsjniPQ==",
      "license": "MIT",
      "dependencies": {
        "esbuild-plugin-replace": "^1.4.0"
      }
    },
    "node_modules/@olton/hooks": {
      "version": "0.10.0",
      "resolved": "https://registry.npmjs.org/@olton/hooks/-/hooks-0.10.0.tgz",
      "integrity": "sha512-cndbjfR/FLJHRGvVObE5eLgB3vy+cpMDYfhPk65EAJURQsKEidu+hFYtvjjbRLGzjxNVAsASbcg4ECREpSFU4Q==",
      "license": "MIT"
    },
    "node_modules/@olton/html": {
      "version": "0.11.0",
      "resolved": "https://registry.npmjs.org/@olton/html/-/html-0.11.0.tgz",
      "integrity": "sha512-KXxKelDLSZouetBlh6S1zOBZT6AaRXgjB0WNvL5JTiYqfXXvY4vokrbcbSniI72rQgR35QTfmT1sIdS5r5txfw==",
      "funding": [
        {
          "type": "paypal",
          "url": "serhii@pimenov.com.ua"
        },
        {
          "type": "patreon",
          "url": "https://www.patreon.com/metroui"
        },
        {
          "type": "subscription",
          "url": "https://korzh.com/metroui#licensing"
        }
      ],
      "license": "MIT"
    },
    "node_modules/@olton/metroui": {
      "version": "5.0.13",
      "resolved": "https://registry.npmjs.org/@olton/metroui/-/metroui-5.0.13.tgz",
      "integrity": "sha512-X+px3z+IgJINB6q+nqQixLOt1GWB6b5ac2n5zuUhzt1/x1xQuGSC7A3Q3ZtiRu+Ib2Vd2hTNZm8fy0704tictQ==",
      "license": "MIT",
      "dependencies": {
        "@olton/animation": "^0.3.0",
        "@olton/datetime": "^3.0.5",
        "@olton/farbe": "^1.0.4",
        "@olton/guardian": "^0.5.1",
        "@olton/hooks": "^0.10.0",
        "@olton/html": "^0.11.0",
        "@olton/string": "^0.5.0",
        "m4q": "^3.1.1"
      },
      "funding": {
        "type": "patreon",
        "url": "https://www.patreon.com/metroui"
      }
    },
    "node_modules/@olton/string": {
      "version": "0.5.0",
      "resolved": "https://registry.npmjs.org/@olton/string/-/string-0.5.0.tgz",
      "integrity": "sha512-enVgbndTE1/1C+FqD8gWW0SRFLy7ZMyLiiN1+ivnKCXxNBMIdE2lZ6nhdsPKA+BYf2ciRfDAwLIG2tB58oOY6A==",
      "license": "MIT"
    },
    "node_modules/@popperjs/core": {
      "version": "2.11.8",
      "resolved": "https://registry.npmjs.org/@popperjs/core/-/core-2.11.8.tgz",
      "integrity": "sha512-P1st0aksCrn9sGZhp8GMYwBnQsbvAWsZAX44oXNNvLHGqAOcoVxmjZiohstwQ7SqKnbR47akdNi+uleWD8+g6A==",
      "license": "MIT",
      "peer": true,
      "funding": {
        "type": "opencollective",
        "url": "https://opencollective.com/popperjs"
      }
    },
    "node_modules/bootstrap": {
      "version": "5.3.3",
      "resolved": "https://registry.npmjs.org/bootstrap/-/bootstrap-5.3.3.tgz",
      "integrity": "sha512-8HLCdWgyoMguSO9o+aH+iuZ+aht+mzW0u3HIMzVu7Srrpv7EBBxTnrFlSCskwdY1+EOFQSm7uMJhNQHkdPcmjg==",
      "funding": [
        {
          "type": "github",
          "url": "https://github.com/sponsors/twbs"
        },
        {
          "type": "opencollective",
          "url": "https://opencollective.com/bootstrap"
        }
      ],
      "license": "MIT",
      "peerDependencies": {
        "@popperjs/core": "^2.11.8"
      }
    },
    "node_modules/esbuild-plugin-replace": {
      "version": "1.4.0",
      "resolved": "https://registry.npmjs.org/esbuild-plugin-replace/-/esbuild-plugin-replace-1.4.0.tgz",
      "integrity": "sha512-lP3ZAyzyRa5JXoOd59lJbRKNObtK8pJ/RO7o6vdjwLi71GfbL32NR22ZuS7/cLZkr10/L1lutoLma8E4DLngYg==",
      "license": "MIT",
      "dependencies": {
        "magic-string": "^0.25.7"
      }
    },
    "node_modules/m4q": {
      "version": "3.2.0",
      "resolved": "https://registry.npmjs.org/m4q/-/m4q-3.2.0.tgz",
      "integrity": "sha512-NLTODpRIpReQPc2VJrqJiF7X/7XcEs8shhgfNC+Yz38jp1D+thOykbDpLRfdFYulPWu08X1Kj8QRGBuEoSaiCQ==",
      "deprecated": "Package no longer supported. Contact Support at https://www.npmjs.com/support for more info.",
      "license": "MIT",
      "dependencies": {
        "web-worker": "^1.3.0"
      }
    },
    "node_modules/magic-string": {
      "version": "0.25.9",
      "resolved": "https://registry.npmjs.org/magic-string/-/magic-string-0.25.9.tgz",
      "integrity": "sha512-RmF0AsMzgt25qzqqLc1+MbHmhdx0ojF2Fvs4XnOqz2ZOBXzzkEwc/dJQZCYHAn7v1jbVOjAZfK8msRn4BxO4VQ==",
      "license": "MIT",
      "dependencies": {
        "sourcemap-codec": "^1.4.8"
      }
    },
    "node_modules/sourcemap-codec": {
      "version": "1.4.8",
      "resolved": "https://registry.npmjs.org/sourcemap-codec/-/sourcemap-codec-1.4.8.tgz",
      "integrity": "sha512-9NykojV5Uih4lgo5So5dtw+f0JgJX30KCNI8gwhz2J9A15wD0Ml6tjHKwf6fTSa6fAdVBdZeNOs9eJ71qCk8vA==",
      "deprecated": "Please use @jridgewell/sourcemap-codec instead",
      "license": "MIT"
    },
    "node_modules/web-worker": {
      "version": "1.5.0",
      "resolved": "https://registry.npmjs.org/web-worker/-/web-worker-1.5.0.tgz",
      "integrity": "sha512-RiMReJrTAiA+mBjGONMnjVDP2u3p9R1vkcGz6gDIrOMT3oGuYwX2WRMYI9ipkphSuE5XKEhydbhNEJh4NY9mlw==",
      "license": "Apache-2.0"
    }
  }
}
